
Microsoft Visual Studio Solution File, Format Version 12.00
# Visual Studio Version 17
VisualStudioVersion = 17.5.33530.505
MinimumVisualStudioVersion = 10.0.40219.1
Project("{FAE04EC0-301F-11D3-BF4B-00C04F79EFBC}") = "API_Electronik", "API_Electronik.csproj", "{1BF974F8-CF9A-490B-9DBE-1CC7AE22ACBF}"
EndProject
Global
	GlobalSection(SolutionConfigurationPlatforms) = preSolution
		Debug|Any CPU = Debug|Any CPU
		Release|Any CPU = Release|Any CPU
	EndGlobalSection
	GlobalSection(ProjectConfigurationPlatforms) = postSolution
		{1BF974F8-CF9A-490B-9DBE-1CC7AE22ACBF}.Debug|Any CPU.ActiveCfg = Debug|Any CPU
		{1BF974F8-CF9A-490B-9DBE-1CC7AE22ACBF}.Debug|Any CPU.Build.0 = Debug|Any CPU
		{1BF974F8-CF9A-490B-9DBE-1CC7AE22ACBF}.Release|Any CPU.ActiveCfg = Release|Any CPU
		{1BF974F8-CF9A-490B-9DBE-1CC7AE22ACBF}.Release|Any CPU.Build.0 = Release|Any CPU
	EndGlobalSection
	GlobalSection(SolutionProperties) = preSolution
		HideSolutionNode = FALSE
	EndGlobalSection
	GlobalSection(ExtensibilityGlobals) = postSolution
		SolutionGuid = {2DC813DB-5095-44BC-B141-9B846A0ADC67}
	EndGlobalSection
EndGlobal
